
Microsoft Visual Studio Solution File, Format Version 12.00
# Visual Studio Version 16
VisualStudioVersion = 16.0.31424.327
MinimumVisualStudioVersion = 10.0.40219.1
Project("{FAE04EC0-301F-11D3-BF4B-00C04F79EFBC}") = "TextFormatting", "TextFormatting.csproj", "{BC691054-B210-4242-BBA8-2B2D032D6408}"
EndProject
Global
	GlobalSection(SolutionConfigurationPlatforms) = preSolution
		Debug|Any CPU = Debug|Any CPU
		Release|Any CPU = Release|Any CPU
	EndGlobalSection
	GlobalSection(ProjectConfigurationPlatforms) = postSolution
		{BC691054-B210-4242-BBA8-2B2D032D6408}.Debug|Any CPU.ActiveCfg = Debug|Any CPU
		{BC691054-B210-4242-BBA8-2B2D032D6408}.Debug|Any CPU.Build.0 = Debug|Any CPU
		{BC691054-B210-4242-BBA8-2B2D032D6408}.Release|Any CPU.ActiveCfg = Release|Any CPU
		{BC691054-B210-4242-BBA8-2B2D032D6408}.Release|Any CPU.Build.0 = Release|Any CPU
	EndGlobalSection
	GlobalSection(SolutionProperties) = preSolution
		HideSolutionNode = FALSE
	EndGlobalSection
	GlobalSection(ExtensibilityGlobals) = postSolution
		SolutionGuid = {AC9FEBD8-5CEF-4103-91AB-E7EFAF5CFB14}
	EndGlobalSection
EndGlobal
