
Microsoft Visual Studio Solution File, Format Version 12.00
# Visual Studio Version 16
VisualStudioVersion = 16.0.31424.327
MinimumVisualStudioVersion = 10.0.40219.1
Project("{FAE04EC0-301F-11D3-BF4B-00C04F79EFBC}") = "FlyweightExercise", "FlyweightExercise.csproj", "{A6B6FA47-878A-474D-9EAB-86F5E893767A}"
EndProject
Global
	GlobalSection(SolutionConfigurationPlatforms) = preSolution
		Debug|Any CPU = Debug|Any CPU
		Release|Any CPU = Release|Any CPU
	EndGlobalSection
	GlobalSection(ProjectConfigurationPlatforms) = postSolution
		{A6B6FA47-878A-474D-9EAB-86F5E893767A}.Debug|Any CPU.ActiveCfg = Debug|Any CPU
		{A6B6FA47-878A-474D-9EAB-86F5E893767A}.Debug|Any CPU.Build.0 = Debug|Any CPU
		{A6B6FA47-878A-474D-9EAB-86F5E893767A}.Release|Any CPU.ActiveCfg = Release|Any CPU
		{A6B6FA47-878A-474D-9EAB-86F5E893767A}.Release|Any CPU.Build.0 = Release|Any CPU
	EndGlobalSection
	GlobalSection(SolutionProperties) = preSolution
		HideSolutionNode = FALSE
	EndGlobalSection
	GlobalSection(ExtensibilityGlobals) = postSolution
		SolutionGuid = {75BBCAB9-6A92-4405-99F6-DAB437FE28B4}
	EndGlobalSection
EndGlobal
